
Microsoft Visual Studio Solution File, Format Version 12.00
# Visual Studio Version 17
VisualStudioVersion = 17.6.33829.357
MinimumVisualStudioVersion = 10.0.40219.1
Project("{FAE04EC0-301F-11D3-BF4B-00C04F79EFBC}") = "Ex13", "Ex13\Ex13.csproj", "{6EF3AD66-F0BB-46BB-8102-BF818543C2CF}"
EndProject
Global
	GlobalSection(SolutionConfigurationPlatforms) = preSolution
		Debug|Any CPU = Debug|Any CPU
		Release|Any CPU = Release|Any CPU
	EndGlobalSection
	GlobalSection(ProjectConfigurationPlatforms) = postSolution
		{6EF3AD66-F0BB-46BB-8102-BF818543C2CF}.Debug|Any CPU.ActiveCfg = Debug|Any CPU
		{6EF3AD66-F0BB-46BB-8102-BF818543C2CF}.Debug|Any CPU.Build.0 = Debug|Any CPU
		{6EF3AD66-F0BB-46BB-8102-BF818543C2CF}.Release|Any CPU.ActiveCfg = Release|Any CPU
		{6EF3AD66-F0BB-46BB-8102-BF818543C2CF}.Release|Any CPU.Build.0 = Release|Any CPU
	EndGlobalSection
	GlobalSection(SolutionProperties) = preSolution
		HideSolutionNode = FALSE
	EndGlobalSection
	GlobalSection(ExtensibilityGlobals) = postSolution
		SolutionGuid = {42F02647-B3C8-4046-99C5-DE02CA554E73}
	EndGlobalSection
EndGlobal
