
Microsoft Visual Studio Solution File, Format Version 12.00
# Visual Studio Version 17
VisualStudioVersion = 17.6.33829.357
MinimumVisualStudioVersion = 10.0.40219.1
Project("{FAE04EC0-301F-11D3-BF4B-00C04F79EFBC}") = "Ex1", "Ex1\Ex1.csproj", "{D45EBAD6-9E9F-4F77-8E0E-3B66E54EE731}"
EndProject
Global
	GlobalSection(SolutionConfigurationPlatforms) = preSolution
		Debug|Any CPU = Debug|Any CPU
		Release|Any CPU = Release|Any CPU
	EndGlobalSection
	GlobalSection(ProjectConfigurationPlatforms) = postSolution
		{D45EBAD6-9E9F-4F77-8E0E-3B66E54EE731}.Debug|Any CPU.ActiveCfg = Debug|Any CPU
		{D45EBAD6-9E9F-4F77-8E0E-3B66E54EE731}.Debug|Any CPU.Build.0 = Debug|Any CPU
		{D45EBAD6-9E9F-4F77-8E0E-3B66E54EE731}.Release|Any CPU.ActiveCfg = Release|Any CPU
		{D45EBAD6-9E9F-4F77-8E0E-3B66E54EE731}.Release|Any CPU.Build.0 = Release|Any CPU
	EndGlobalSection
	GlobalSection(SolutionProperties) = preSolution
		HideSolutionNode = FALSE
	EndGlobalSection
	GlobalSection(ExtensibilityGlobals) = postSolution
		SolutionGuid = {617B1CB1-B6DC-4A98-B7B4-8EC10097A33C}
	EndGlobalSection
EndGlobal
