
Microsoft Visual Studio Solution File, Format Version 12.00
# Visual Studio Version 17
VisualStudioVersion = 17.6.33829.357
MinimumVisualStudioVersion = 10.0.40219.1
Project("{FAE04EC0-301F-11D3-BF4B-00C04F79EFBC}") = "Ex4", "Ex4\Ex4.csproj", "{0672157D-3625-4EC3-9F0C-4BADD801162A}"
EndProject
Global
	GlobalSection(SolutionConfigurationPlatforms) = preSolution
		Debug|Any CPU = Debug|Any CPU
		Release|Any CPU = Release|Any CPU
	EndGlobalSection
	GlobalSection(ProjectConfigurationPlatforms) = postSolution
		{0672157D-3625-4EC3-9F0C-4BADD801162A}.Debug|Any CPU.ActiveCfg = Debug|Any CPU
		{0672157D-3625-4EC3-9F0C-4BADD801162A}.Debug|Any CPU.Build.0 = Debug|Any CPU
		{0672157D-3625-4EC3-9F0C-4BADD801162A}.Release|Any CPU.ActiveCfg = Release|Any CPU
		{0672157D-3625-4EC3-9F0C-4BADD801162A}.Release|Any CPU.Build.0 = Release|Any CPU
	EndGlobalSection
	GlobalSection(SolutionProperties) = preSolution
		HideSolutionNode = FALSE
	EndGlobalSection
	GlobalSection(ExtensibilityGlobals) = postSolution
		SolutionGuid = {90ADAE8D-750F-4BF3-BA77-46288302003D}
	EndGlobalSection
EndGlobal
